
Microsoft Visual Studio Solution File, Format Version 12.00
# Visual Studio Version 17
VisualStudioVersion = 17.14.36401.2
MinimumVisualStudioVersion = 10.0.40219.1
Project("{FAE04EC0-301F-11D3-BF4B-00C04F79EFBC}") = "ShopCartApp", "ShopCartApp\ShopCartApp.csproj", "{B812DCDC-08E3-4EDA-9153-C6353103609D}"
EndProject
Project("{FAE04EC0-301F-11D3-BF4B-00C04F79EFBC}") = "ShopCartUnitTests", "ShopCartUnitTests\ShopCartUnitTests.csproj", "{82B5725F-2608-4D8E-B4B7-0BBBC2B84EAA}"
EndProject
Project("{2150E333-8FDC-42A3-9474-1A3956D46DE8}") = "GHA", "GHA", "{02EA681E-C7D8-13C7-8484-4AC65E1B71E8}"
	ProjectSection(SolutionItems) = preProject
		.github\workflows\build.yml = .github\workflows\build.yml
		.github\workflows\tests.yml = .github\workflows\tests.yml
	EndProjectSection
EndProject
Global
	GlobalSection(SolutionConfigurationPlatforms) = preSolution
		Debug|Any CPU = Debug|Any CPU
		Release|Any CPU = Release|Any CPU
	EndGlobalSection
	GlobalSection(ProjectConfigurationPlatforms) = postSolution
		{B812DCDC-08E3-4EDA-9153-C6353103609D}.Debug|Any CPU.ActiveCfg = Debug|Any CPU
		{B812DCDC-08E3-4EDA-9153-C6353103609D}.Debug|Any CPU.Build.0 = Debug|Any CPU
		{B812DCDC-08E3-4EDA-9153-C6353103609D}.Release|Any CPU.ActiveCfg = Release|Any CPU
		{B812DCDC-08E3-4EDA-9153-C6353103609D}.Release|Any CPU.Build.0 = Release|Any CPU
		{82B5725F-2608-4D8E-B4B7-0BBBC2B84EAA}.Debug|Any CPU.ActiveCfg = Debug|Any CPU
		{82B5725F-2608-4D8E-B4B7-0BBBC2B84EAA}.Debug|Any CPU.Build.0 = Debug|Any CPU
		{82B5725F-2608-4D8E-B4B7-0BBBC2B84EAA}.Release|Any CPU.ActiveCfg = Release|Any CPU
		{82B5725F-2608-4D8E-B4B7-0BBBC2B84EAA}.Release|Any CPU.Build.0 = Release|Any CPU
	EndGlobalSection
	GlobalSection(SolutionProperties) = preSolution
		HideSolutionNode = FALSE
	EndGlobalSection
	GlobalSection(ExtensibilityGlobals) = postSolution
		SolutionGuid = {AD4EC4D5-E1EE-4C80-80BF-BEA332FA0C61}
	EndGlobalSection
EndGlobal
